
Microsoft Visual Studio Solution File, Format Version 12.00
# Visual Studio Version 16
VisualStudioVersion = 16.0.31410.357
MinimumVisualStudioVersion = 10.0.40219.1
Project("{9A19103F-16F7-4668-BE54-9A1E7A4F7556}") = "Task1", "Task1\Task1.csproj", "{94DD6F85-CDDC-4A3A-B684-52369189ADBF}"
EndProject
Project("{9A19103F-16F7-4668-BE54-9A1E7A4F7556}") = "Task2", "Task2\Task2.csproj", "{DFCBF56A-8A19-4E78-A9A4-E57149F38741}"
EndProject
Project("{9A19103F-16F7-4668-BE54-9A1E7A4F7556}") = "Task3", "Task3\Task3.csproj", "{FBE3AB79-4DD0-4E74-A200-4DA06B3F06C7}"
EndProject
Project("{9A19103F-16F7-4668-BE54-9A1E7A4F7556}") = "Task4", "Task4\Task4.csproj", "{D3CB6151-39FD-43C6-B682-B411D733759F}"
EndProject
Project("{9A19103F-16F7-4668-BE54-9A1E7A4F7556}") = "Task5(a)", "Task5\Task5(a).csproj", "{05FBF517-E5AB-4DC8-AD15-6DA7DE704D88}"
EndProject
Project("{9A19103F-16F7-4668-BE54-9A1E7A4F7556}") = "Task5(g)", "Task6\Task5(g).csproj", "{84576619-2354-4B0F-8E32-6592C3618B23}"
EndProject
Project("{9A19103F-16F7-4668-BE54-9A1E7A4F7556}") = "Task5(b)", "Task5(c)\Task5(b).csproj", "{4585A65A-BAC9-41FB-98CB-698D5AB448E7}"
EndProject
Project("{9A19103F-16F7-4668-BE54-9A1E7A4F7556}") = "Task5(c))", "..\..\source\repos\Task5(c))\Task5(c))\Task5(c)).csproj", "{8E355583-8A84-4C9D-97E3-EFABD93D9101}"
EndProject
Project("{9A19103F-16F7-4668-BE54-9A1E7A4F7556}") = "Task6", "Task6(a)\Task6.csproj", "{95CD84C3-1F52-4668-BC04-D0E4C1285D27}"
EndProject
Project("{9A19103F-16F7-4668-BE54-9A1E7A4F7556}") = "Task7", "Task7\Task7.csproj", "{D28F6C14-5837-4B67-AC62-B682FF604660}"
EndProject
Project("{9A19103F-16F7-4668-BE54-9A1E7A4F7556}") = "Task8", "Task8\Task8.csproj", "{87D88314-3400-42E1-AB36-4266957E6356}"
EndProject
Project("{9A19103F-16F7-4668-BE54-9A1E7A4F7556}") = "Task12", "Task12\Task12.csproj", "{C21093C5-9283-455F-83BC-3DBA2EB74C6C}"
EndProject
Project("{9A19103F-16F7-4668-BE54-9A1E7A4F7556}") = "Array_1", "Array_1\Array_1.csproj", "{D0B2D759-7F59-45AD-B1AC-96752CBD5E92}"
EndProject
Project("{9A19103F-16F7-4668-BE54-9A1E7A4F7556}") = "Array_2", "Array_2\Array_2.csproj", "{DFBEE6E0-76D7-4193-9B8A-3B039DC298BF}"
EndProject
Project("{9A19103F-16F7-4668-BE54-9A1E7A4F7556}") = "Array_3", "Array_3\Array_3.csproj", "{E0D8B35E-946E-4D77-A819-4B8A31956AAF}"
EndProject
Project("{9A19103F-16F7-4668-BE54-9A1E7A4F7556}") = "Array_4", "Array_4\Array_4.csproj", "{452CB559-2E4B-4E57-A24A-5A45F92638ED}"
EndProject
Project("{FAE04EC0-301F-11D3-BF4B-00C04F79EFBC}") = "Array_5", "Array_5\Array_5.csproj", "{3AF94DB2-27D4-42E8-8B56-7E122AB02799}"
EndProject
Project("{FAE04EC0-301F-11D3-BF4B-00C04F79EFBC}") = "Array_7", "..\..\source\repos\Array_7\Array_7\Array_7.csproj", "{F9A6BED0-8C9D-4E85-B6D9-FB06A4F6EFA4}"
EndProject
Project("{FAE04EC0-301F-11D3-BF4B-00C04F79EFBC}") = "Strings_1", "Strings_1\Strings_1.csproj", "{50442C75-74A6-4766-A173-7B799F854A91}"
EndProject
Project("{FAE04EC0-301F-11D3-BF4B-00C04F79EFBC}") = "Strings_2", "Strings_2\Strings_2.csproj", "{9BCEB964-7B7D-4BE4-9509-860B41A9D3E3}"
EndProject
Project("{FAE04EC0-301F-11D3-BF4B-00C04F79EFBC}") = "Strings_3", "Strings_3\Strings_3.csproj", "{E56D4EF6-9A94-46B6-9C05-0EB353ED7337}"
EndProject
Global
	GlobalSection(SolutionConfigurationPlatforms) = preSolution
		Debug|Any CPU = Debug|Any CPU
		Release|Any CPU = Release|Any CPU
	EndGlobalSection
	GlobalSection(ProjectConfigurationPlatforms) = postSolution
		{94DD6F85-CDDC-4A3A-B684-52369189ADBF}.Debug|Any CPU.ActiveCfg = Debug|Any CPU
		{94DD6F85-CDDC-4A3A-B684-52369189ADBF}.Debug|Any CPU.Build.0 = Debug|Any CPU
		{94DD6F85-CDDC-4A3A-B684-52369189ADBF}.Release|Any CPU.ActiveCfg = Release|Any CPU
		{94DD6F85-CDDC-4A3A-B684-52369189ADBF}.Release|Any CPU.Build.0 = Release|Any CPU
		{DFCBF56A-8A19-4E78-A9A4-E57149F38741}.Debug|Any CPU.ActiveCfg = Debug|Any CPU
		{DFCBF56A-8A19-4E78-A9A4-E57149F38741}.Debug|Any CPU.Build.0 = Debug|Any CPU
		{DFCBF56A-8A19-4E78-A9A4-E57149F38741}.Release|Any CPU.ActiveCfg = Release|Any CPU
		{DFCBF56A-8A19-4E78-A9A4-E57149F38741}.Release|Any CPU.Build.0 = Release|Any CPU
		{FBE3AB79-4DD0-4E74-A200-4DA06B3F06C7}.Debug|Any CPU.ActiveCfg = Debug|Any CPU
		{FBE3AB79-4DD0-4E74-A200-4DA06B3F06C7}.Debug|Any CPU.Build.0 = Debug|Any CPU
		{FBE3AB79-4DD0-4E74-A200-4DA06B3F06C7}.Release|Any CPU.ActiveCfg = Release|Any CPU
		{FBE3AB79-4DD0-4E74-A200-4DA06B3F06C7}.Release|Any CPU.Build.0 = Release|Any CPU
		{D3CB6151-39FD-43C6-B682-B411D733759F}.Debug|Any CPU.ActiveCfg = Debug|Any CPU
		{D3CB6151-39FD-43C6-B682-B411D733759F}.Debug|Any CPU.Build.0 = Debug|Any CPU
		{D3CB6151-39FD-43C6-B682-B411D733759F}.Release|Any CPU.ActiveCfg = Release|Any CPU
		{D3CB6151-39FD-43C6-B682-B411D733759F}.Release|Any CPU.Build.0 = Release|Any CPU
		{05FBF517-E5AB-4DC8-AD15-6DA7DE704D88}.Debug|Any CPU.ActiveCfg = Debug|Any CPU
		{05FBF517-E5AB-4DC8-AD15-6DA7DE704D88}.Debug|Any CPU.Build.0 = Debug|Any CPU
		{05FBF517-E5AB-4DC8-AD15-6DA7DE704D88}.Release|Any CPU.ActiveCfg = Release|Any CPU
		{05FBF517-E5AB-4DC8-AD15-6DA7DE704D88}.Release|Any CPU.Build.0 = Release|Any CPU
		{84576619-2354-4B0F-8E32-6592C3618B23}.Debug|Any CPU.ActiveCfg = Debug|Any CPU
		{84576619-2354-4B0F-8E32-6592C3618B23}.Debug|Any CPU.Build.0 = Debug|Any CPU
		{84576619-2354-4B0F-8E32-6592C3618B23}.Release|Any CPU.ActiveCfg = Release|Any CPU
		{84576619-2354-4B0F-8E32-6592C3618B23}.Release|Any CPU.Build.0 = Release|Any CPU
		{4585A65A-BAC9-41FB-98CB-698D5AB448E7}.Debug|Any CPU.ActiveCfg = Debug|Any CPU
		{4585A65A-BAC9-41FB-98CB-698D5AB448E7}.Debug|Any CPU.Build.0 = Debug|Any CPU
		{4585A65A-BAC9-41FB-98CB-698D5AB448E7}.Release|Any CPU.ActiveCfg = Release|Any CPU
		{4585A65A-BAC9-41FB-98CB-698D5AB448E7}.Release|Any CPU.Build.0 = Release|Any CPU
		{8E355583-8A84-4C9D-97E3-EFABD93D9101}.Debug|Any CPU.ActiveCfg = Debug|Any CPU
		{8E355583-8A84-4C9D-97E3-EFABD93D9101}.Debug|Any CPU.Build.0 = Debug|Any CPU
		{8E355583-8A84-4C9D-97E3-EFABD93D9101}.Release|Any CPU.ActiveCfg = Release|Any CPU
		{8E355583-8A84-4C9D-97E3-EFABD93D9101}.Release|Any CPU.Build.0 = Release|Any CPU
		{95CD84C3-1F52-4668-BC04-D0E4C1285D27}.Debug|Any CPU.ActiveCfg = Debug|Any CPU
		{95CD84C3-1F52-4668-BC04-D0E4C1285D27}.Debug|Any CPU.Build.0 = Debug|Any CPU
		{95CD84C3-1F52-4668-BC04-D0E4C1285D27}.Release|Any CPU.ActiveCfg = Release|Any CPU
		{95CD84C3-1F52-4668-BC04-D0E4C1285D27}.Release|Any CPU.Build.0 = Release|Any CPU
		{D28F6C14-5837-4B67-AC62-B682FF604660}.Debug|Any CPU.ActiveCfg = Debug|Any CPU
		{D28F6C14-5837-4B67-AC62-B682FF604660}.Debug|Any CPU.Build.0 = Debug|Any CPU
		{D28F6C14-5837-4B67-AC62-B682FF604660}.Release|Any CPU.ActiveCfg = Release|Any CPU
		{D28F6C14-5837-4B67-AC62-B682FF604660}.Release|Any CPU.Build.0 = Release|Any CPU
		{87D88314-3400-42E1-AB36-4266957E6356}.Debug|Any CPU.ActiveCfg = Debug|Any CPU
		{87D88314-3400-42E1-AB36-4266957E6356}.Debug|Any CPU.Build.0 = Debug|Any CPU
		{87D88314-3400-42E1-AB36-4266957E6356}.Release|Any CPU.ActiveCfg = Release|Any CPU
		{87D88314-3400-42E1-AB36-4266957E6356}.Release|Any CPU.Build.0 = Release|Any CPU
		{C21093C5-9283-455F-83BC-3DBA2EB74C6C}.Debug|Any CPU.ActiveCfg = Debug|Any CPU
		{C21093C5-9283-455F-83BC-3DBA2EB74C6C}.Debug|Any CPU.Build.0 = Debug|Any CPU
		{C21093C5-9283-455F-83BC-3DBA2EB74C6C}.Release|Any CPU.ActiveCfg = Release|Any CPU
		{C21093C5-9283-455F-83BC-3DBA2EB74C6C}.Release|Any CPU.Build.0 = Release|Any CPU
		{D0B2D759-7F59-45AD-B1AC-96752CBD5E92}.Debug|Any CPU.ActiveCfg = Debug|Any CPU
		{D0B2D759-7F59-45AD-B1AC-96752CBD5E92}.Debug|Any CPU.Build.0 = Debug|Any CPU
		{D0B2D759-7F59-45AD-B1AC-96752CBD5E92}.Release|Any CPU.ActiveCfg = Release|Any CPU
		{D0B2D759-7F59-45AD-B1AC-96752CBD5E92}.Release|Any CPU.Build.0 = Release|Any CPU
		{DFBEE6E0-76D7-4193-9B8A-3B039DC298BF}.Debug|Any CPU.ActiveCfg = Debug|Any CPU
		{DFBEE6E0-76D7-4193-9B8A-3B039DC298BF}.Debug|Any CPU.Build.0 = Debug|Any CPU
		{DFBEE6E0-76D7-4193-9B8A-3B039DC298BF}.Release|Any CPU.ActiveCfg = Release|Any CPU
		{DFBEE6E0-76D7-4193-9B8A-3B039DC298BF}.Release|Any CPU.Build.0 = Release|Any CPU
		{E0D8B35E-946E-4D77-A819-4B8A31956AAF}.Debug|Any CPU.ActiveCfg = Debug|Any CPU
		{E0D8B35E-946E-4D77-A819-4B8A31956AAF}.Debug|Any CPU.Build.0 = Debug|Any CPU
		{E0D8B35E-946E-4D77-A819-4B8A31956AAF}.Release|Any CPU.ActiveCfg = Release|Any CPU
		{E0D8B35E-946E-4D77-A819-4B8A31956AAF}.Release|Any CPU.Build.0 = Release|Any CPU
		{452CB559-2E4B-4E57-A24A-5A45F92638ED}.Debug|Any CPU.ActiveCfg = Debug|Any CPU
		{452CB559-2E4B-4E57-A24A-5A45F92638ED}.Debug|Any CPU.Build.0 = Debug|Any CPU
		{452CB559-2E4B-4E57-A24A-5A45F92638ED}.Release|Any CPU.ActiveCfg = Release|Any CPU
		{452CB559-2E4B-4E57-A24A-5A45F92638ED}.Release|Any CPU.Build.0 = Release|Any CPU
		{3AF94DB2-27D4-42E8-8B56-7E122AB02799}.Debug|Any CPU.ActiveCfg = Debug|Any CPU
		{3AF94DB2-27D4-42E8-8B56-7E122AB02799}.Debug|Any CPU.Build.0 = Debug|Any CPU
		{3AF94DB2-27D4-42E8-8B56-7E122AB02799}.Release|Any CPU.ActiveCfg = Release|Any CPU
		{3AF94DB2-27D4-42E8-8B56-7E122AB02799}.Release|Any CPU.Build.0 = Release|Any CPU
		{F9A6BED0-8C9D-4E85-B6D9-FB06A4F6EFA4}.Debug|Any CPU.ActiveCfg = Debug|Any CPU
		{F9A6BED0-8C9D-4E85-B6D9-FB06A4F6EFA4}.Debug|Any CPU.Build.0 = Debug|Any CPU
		{F9A6BED0-8C9D-4E85-B6D9-FB06A4F6EFA4}.Release|Any CPU.ActiveCfg = Release|Any CPU
		{F9A6BED0-8C9D-4E85-B6D9-FB06A4F6EFA4}.Release|Any CPU.Build.0 = Release|Any CPU
		{50442C75-74A6-4766-A173-7B799F854A91}.Debug|Any CPU.ActiveCfg = Debug|Any CPU
		{50442C75-74A6-4766-A173-7B799F854A91}.Debug|Any CPU.Build.0 = Debug|Any CPU
		{50442C75-74A6-4766-A173-7B799F854A91}.Release|Any CPU.ActiveCfg = Release|Any CPU
		{50442C75-74A6-4766-A173-7B799F854A91}.Release|Any CPU.Build.0 = Release|Any CPU
		{9BCEB964-7B7D-4BE4-9509-860B41A9D3E3}.Debug|Any CPU.ActiveCfg = Debug|Any CPU
		{9BCEB964-7B7D-4BE4-9509-860B41A9D3E3}.Debug|Any CPU.Build.0 = Debug|Any CPU
		{9BCEB964-7B7D-4BE4-9509-860B41A9D3E3}.Release|Any CPU.ActiveCfg = Release|Any CPU
		{9BCEB964-7B7D-4BE4-9509-860B41A9D3E3}.Release|Any CPU.Build.0 = Release|Any CPU
		{E56D4EF6-9A94-46B6-9C05-0EB353ED7337}.Debug|Any CPU.ActiveCfg = Debug|Any CPU
		{E56D4EF6-9A94-46B6-9C05-0EB353ED7337}.Debug|Any CPU.Build.0 = Debug|Any CPU
		{E56D4EF6-9A94-46B6-9C05-0EB353ED7337}.Release|Any CPU.ActiveCfg = Release|Any CPU
		{E56D4EF6-9A94-46B6-9C05-0EB353ED7337}.Release|Any CPU.Build.0 = Release|Any CPU
	EndGlobalSection
	GlobalSection(SolutionProperties) = preSolution
		HideSolutionNode = FALSE
	EndGlobalSection
	GlobalSection(ExtensibilityGlobals) = postSolution
		SolutionGuid = {9BF2B624-0C24-406A-8253-D6956A10AFE5}
	EndGlobalSection
EndGlobal
